{
  "name": "@repo/schema",
  "version": "1.0.0",
  "lockfileVersion": 3,
  "requires": true,
  "packages": {
    "": {
      "name": "@repo/schema",
      "version": "1.0.0",
      "license": "ISC",
      "dependencies": {
        "zod": "^4.0.5"
      },
      "devDependencies": {
        "@repo/typescript-config": "*"
      }
    },
    "../../node_modules/.pnpm/zod@4.0.5/node_modules/zod": {
      "version": "4.0.5",
      "license": "MIT",
      "funding": {
        "url": "https://github.com/sponsors/colinhacks"
      }
    },
    "../typescript-config": {
      "name": "@repo/typescript-config",
      "version": "0.0.0",
      "dev": true,
      "license": "MIT"
    },
    "node_modules/@repo/typescript-config": {
      "resolved": "../typescript-config",
      "link": true
    },
    "node_modules/zod": {
      "resolved": "../../node_modules/.pnpm/zod@4.0.5/node_modules/zod",
      "link": true
    }
  }
}
